{
  "lockfileVersion": 1,
  "workspaces": {
    "": {
      "name": "put-a-bot-on-it",
      "dependencies": {
        "@discordjs/rest": "2.4.2",
        "@nastyox/rando.js": "2.0.6",
        "common-tags": "1.8.2",
        "dayjs": "1.11.13",
        "discord-api-types": "0.37.119",
        "discord.js": "14.17.3",
        "he": "1.2.0",
        "node-localstorage": "3.0.5",
        "openai": "4.83.0",
        "randomcolor": "0.6.2",
        "uuid": "11.0.5",
      },
      "devDependencies": {
        "@biomejs/biome": "1.9.4",
        "bun": "1.2.2",
        "cz-git": "1.11.0",
      },
    },
  },
  "packages": {
    "@biomejs/biome": ["@biomejs/biome@1.9.4", "", { "optionalDependencies": { "@biomejs/cli-darwin-arm64": "1.9.4", "@biomejs/cli-darwin-x64": "1.9.4", "@biomejs/cli-linux-arm64": "1.9.4", "@biomejs/cli-linux-arm64-musl": "1.9.4", "@biomejs/cli-linux-x64": "1.9.4", "@biomejs/cli-linux-x64-musl": "1.9.4", "@biomejs/cli-win32-arm64": "1.9.4", "@biomejs/cli-win32-x64": "1.9.4" }, "bin": { "biome": "bin/biome" } }, "sha512-1rkd7G70+o9KkTn5KLmDYXihGoTaIGO9PIIN2ZB7UJxFrWw04CZHPYiMRjYsaDvVV7hP1dYNRLxSANLaBFGpog=="],

    "@biomejs/cli-darwin-arm64": ["@biomejs/cli-darwin-arm64@1.9.4", "", { "os": "darwin", "cpu": "arm64" }, "sha512-bFBsPWrNvkdKrNCYeAp+xo2HecOGPAy9WyNyB/jKnnedgzl4W4Hb9ZMzYNbf8dMCGmUdSavlYHiR01QaYR58cw=="],

    "@biomejs/cli-darwin-x64": ["@biomejs/cli-darwin-x64@1.9.4", "", { "os": "darwin", "cpu": "x64" }, "sha512-ngYBh/+bEedqkSevPVhLP4QfVPCpb+4BBe2p7Xs32dBgs7rh9nY2AIYUL6BgLw1JVXV8GlpKmb/hNiuIxfPfZg=="],

    "@biomejs/cli-linux-arm64": ["@biomejs/cli-linux-arm64@1.9.4", "", { "os": "linux", "cpu": "arm64" }, "sha512-fJIW0+LYujdjUgJJuwesP4EjIBl/N/TcOX3IvIHJQNsAqvV2CHIogsmA94BPG6jZATS4Hi+xv4SkBBQSt1N4/g=="],

    "@biomejs/cli-linux-arm64-musl": ["@biomejs/cli-linux-arm64-musl@1.9.4", "", { "os": "linux", "cpu": "arm64" }, "sha512-v665Ct9WCRjGa8+kTr0CzApU0+XXtRgwmzIf1SeKSGAv+2scAlW6JR5PMFo6FzqqZ64Po79cKODKf3/AAmECqA=="],

    "@biomejs/cli-linux-x64": ["@biomejs/cli-linux-x64@1.9.4", "", { "os": "linux", "cpu": "x64" }, "sha512-lRCJv/Vi3Vlwmbd6K+oQ0KhLHMAysN8lXoCI7XeHlxaajk06u7G+UsFSO01NAs5iYuWKmVZjmiOzJ0OJmGsMwg=="],

    "@biomejs/cli-linux-x64-musl": ["@biomejs/cli-linux-x64-musl@1.9.4", "", { "os": "linux", "cpu": "x64" }, "sha512-gEhi/jSBhZ2m6wjV530Yy8+fNqG8PAinM3oV7CyO+6c3CEh16Eizm21uHVsyVBEB6RIM8JHIl6AGYCv6Q6Q9Tg=="],

    "@biomejs/cli-win32-arm64": ["@biomejs/cli-win32-arm64@1.9.4", "", { "os": "win32", "cpu": "arm64" }, "sha512-tlbhLk+WXZmgwoIKwHIHEBZUwxml7bRJgk0X2sPyNR3S93cdRq6XulAZRQJ17FYGGzWne0fgrXBKpl7l4M87Hg=="],

    "@biomejs/cli-win32-x64": ["@biomejs/cli-win32-x64@1.9.4", "", { "os": "win32", "cpu": "x64" }, "sha512-8Y5wMhVIPaWe6jw2H+KlEm4wP/f7EW3810ZLmDlrEEy5KvBsb9ECEfu/kMWD484ijfQ8+nIi0giMgu9g1UAuuA=="],

    "@discordjs/builders": ["@discordjs/builders@1.10.0", "", { "dependencies": { "@discordjs/formatters": "^0.6.0", "@discordjs/util": "^1.1.1", "@sapphire/shapeshift": "^4.0.0", "discord-api-types": "^0.37.114", "fast-deep-equal": "^3.1.3", "ts-mixer": "^6.0.4", "tslib": "^2.6.3" } }, "sha512-ikVZsZP+3shmVJ5S1oM+7SveUCK3L9fTyfA8aJ7uD9cNQlTqF+3Irbk2Y22KXTb3C3RNUahRkSInClJMkHrINg=="],

    "@discordjs/collection": ["@discordjs/collection@2.1.1", "", {}, "sha512-LiSusze9Tc7qF03sLCujF5iZp7K+vRNEDBZ86FT9aQAv3vxMLihUvKvpsCWiQ2DJq1tVckopKm1rxomgNUc9hg=="],

    "@discordjs/formatters": ["@discordjs/formatters@0.6.0", "", { "dependencies": { "discord-api-types": "^0.37.114" } }, "sha512-YIruKw4UILt/ivO4uISmrGq2GdMY6EkoTtD0oS0GvkJFRZbTSdPhzYiUILbJ/QslsvC9H9nTgGgnarnIl4jMfw=="],

    "@discordjs/rest": ["@discordjs/rest@2.4.2", "", { "dependencies": { "@discordjs/collection": "^2.1.1", "@discordjs/util": "^1.1.1", "@sapphire/async-queue": "^1.5.3", "@sapphire/snowflake": "^3.5.3", "@vladfrangu/async_event_emitter": "^2.4.6", "discord-api-types": "^0.37.114", "magic-bytes.js": "^1.10.0", "tslib": "^2.6.3", "undici": "6.19.8" } }, "sha512-9bOvXYLQd5IBg/kKGuEFq3cstVxAMJ6wMxO2U3wjrgO+lHv8oNCT+BBRpuzVQh7BoXKvk/gpajceGvQUiRoJ8g=="],

    "@discordjs/util": ["@discordjs/util@1.1.1", "", {}, "sha512-eddz6UnOBEB1oITPinyrB2Pttej49M9FZQY8NxgEvc3tq6ZICZ19m70RsmzRdDHk80O9NoYN/25AqJl8vPVf/g=="],

    "@discordjs/ws": ["@discordjs/ws@1.2.0", "", { "dependencies": { "@discordjs/collection": "^2.1.0", "@discordjs/rest": "^2.4.1", "@discordjs/util": "^1.1.0", "@sapphire/async-queue": "^1.5.2", "@types/ws": "^8.5.10", "@vladfrangu/async_event_emitter": "^2.2.4", "discord-api-types": "^0.37.114", "tslib": "^2.6.2", "ws": "^8.17.0" } }, "sha512-QH5CAFe3wHDiedbO+EI3OOiyipwWd+Q6BdoFZUw/Wf2fw5Cv2fgU/9UEtJRmJa9RecI+TAhdGPadMaEIur5yJg=="],

    "@nastyox/rando.js": ["@nastyox/rando.js@2.0.6", "", {}, "sha512-ebC0oVKhKEYHyO+oJpROGEnTl7XEfSN3P2s4R+k96BUFA/Pm/ePQfHvc4TyPIg6dePXtFvlmZ+cKkgY1KBzeUg=="],

    "@oven/bun-darwin-aarch64": ["@oven/bun-darwin-aarch64@1.2.2", "", { "os": "darwin", "cpu": "arm64" }, "sha512-hCDvi6GGJvsKpfGcU9xdrIhshDtzkYcGiB5wnj0jq/QM3U85qmIe8QUs7tyse9T77aZNjFIXO0GirL+oZ7C+IQ=="],

    "@oven/bun-darwin-x64": ["@oven/bun-darwin-x64@1.2.2", "", { "os": "darwin", "cpu": "x64" }, "sha512-W1MkLpfLMH4+aRoLNksLiODySVUlnKF5dTEmS2VlHxl4Mle+V/40/WSalpZVRPcztJMquwQy2VXox62WUmERXQ=="],

    "@oven/bun-darwin-x64-baseline": ["@oven/bun-darwin-x64-baseline@1.2.2", "", { "os": "darwin", "cpu": "x64" }, "sha512-Q4gC6fB/6BwGc6QltAAlhugCdRRIraxbNYuA0cyuwUlFmMzQIqgO+iSCIaS2PLEwVEwVx8WF++YpU+dVGyNAvg=="],

    "@oven/bun-linux-aarch64": ["@oven/bun-linux-aarch64@1.2.2", "", { "os": "linux", "cpu": "arm64" }, "sha512-VW83fgwFAJyu76xMF2t6W1+VxcLaKJUMH+/k61PdwAulpR6M+aqf8vPQDpIx2vrs4BqR8DQ4eEspyb2/DpcuyQ=="],

    "@oven/bun-linux-aarch64-musl": ["@oven/bun-linux-aarch64-musl@1.2.2", "", { "os": "linux", "cpu": "none" }, "sha512-73srKJaPf3fKUuST4Xd+CO52qCKVMtXUICkTddZ+6itnNNrBDBw4AoayrlNImg7swL8wIZonGGYZHpsvyjmlcg=="],

    "@oven/bun-linux-x64": ["@oven/bun-linux-x64@1.2.2", "", { "os": "linux", "cpu": "x64" }, "sha512-qoEkSdWGvTcX2/Iv3nUcwIcOk72L9Pg6X4ONUXV7luuOHsXktoQK5vuQeCC5FTxCEPjfoKy1GFAFomoU4qZDGQ=="],

    "@oven/bun-linux-x64-baseline": ["@oven/bun-linux-x64-baseline@1.2.2", "", { "os": "linux", "cpu": "x64" }, "sha512-YvIilLbII9+sjwnZVumwItoUKSUHJHo9xYw5hcf6aeqDztK1ebGzNIJpE0RgjIT+GYqy504Yz5cK77CGpyVyJw=="],

    "@oven/bun-linux-x64-musl": ["@oven/bun-linux-x64-musl@1.2.2", "", { "os": "linux", "cpu": "x64" }, "sha512-6uyUXVNH5jUsvhyzD0uiQNe8VPujuGTsHHDTW1LvRR6Lgr6AVaYjdk45ypbDSauRQsABxDKFQdfQqemkM97sYw=="],

    "@oven/bun-linux-x64-musl-baseline": ["@oven/bun-linux-x64-musl-baseline@1.2.2", "", { "os": "linux", "cpu": "x64" }, "sha512-K2o2vSHSnGn+ayXUuFJ+7O5L5Mc+uOIydMc5WI9bMhvmEtRqlohrwQR56HPzeFZVPWvmHdxb34VIceEKXmig6Q=="],

    "@oven/bun-windows-x64": ["@oven/bun-windows-x64@1.2.2", "", { "os": "win32", "cpu": "x64" }, "sha512-ZjxyIcS7kQFoGxyNBMZ9mqCxCkg7ZVG9P+/GTzMpUceFF/q88lUwsFsC7YwAe0ZubqcQLRSfdyjbKbC/HuqnFw=="],

    "@oven/bun-windows-x64-baseline": ["@oven/bun-windows-x64-baseline@1.2.2", "", { "os": "win32", "cpu": "x64" }, "sha512-bYopMWSCjjjCKjANv7xxAXQoabVUxLZxTw0iC1bGYD9VZGo48nGaJXPn7DsPfeCXGyl+CY3Cy4QIEn+3gNRS2A=="],

    "@sapphire/async-queue": ["@sapphire/async-queue@1.5.5", "", {}, "sha512-cvGzxbba6sav2zZkH8GPf2oGk9yYoD5qrNWdu9fRehifgnFZJMV+nuy2nON2roRO4yQQ+v7MK/Pktl/HgfsUXg=="],

    "@sapphire/shapeshift": ["@sapphire/shapeshift@4.0.0", "", { "dependencies": { "fast-deep-equal": "^3.1.3", "lodash": "^4.17.21" } }, "sha512-d9dUmWVA7MMiKobL3VpLF8P2aeanRTu6ypG2OIaEv/ZHH/SUQ2iHOVyi5wAPjQ+HmnMuL0whK9ez8I/raWbtIg=="],

    "@sapphire/snowflake": ["@sapphire/snowflake@3.5.5", "", {}, "sha512-xzvBr1Q1c4lCe7i6sRnrofxeO1QTP/LKQ6A6qy0iB4x5yfiSfARMEQEghojzTNALDTcv8En04qYNIco9/K9eZQ=="],

    "@types/node": ["@types/node@18.19.74", "", { "dependencies": { "undici-types": "~5.26.4" } }, "sha512-HMwEkkifei3L605gFdV+/UwtpxP6JSzM+xFk2Ia6DNFSwSVBRh9qp5Tgf4lNFOMfPVuU0WnkcWpXZpgn5ufO4A=="],

    "@types/node-fetch": ["@types/node-fetch@2.6.12", "", { "dependencies": { "@types/node": "*", "form-data": "^4.0.0" } }, "sha512-8nneRWKCg3rMtF69nLQJnOYUcbafYeFSjqkw3jCRLsqkWFlHaoQrr5mXmofFGOx3DKn7UfmBMyov8ySvLRVldA=="],

    "@types/ws": ["@types/ws@8.5.14", "", { "dependencies": { "@types/node": "*" } }, "sha512-bd/YFLW+URhBzMXurx7lWByOu+xzU9+kb3RboOteXYDfW+tr+JZa99OyNmPINEGB/ahzKrEuc8rcv4gnpJmxTw=="],

    "@vladfrangu/async_event_emitter": ["@vladfrangu/async_event_emitter@2.4.6", "", {}, "sha512-RaI5qZo6D2CVS6sTHFKg1v5Ohq/+Bo2LZ5gzUEwZ/WkHhwtGTCB/sVLw8ijOkAUxasZ+WshN/Rzj4ywsABJ5ZA=="],

    "abort-controller": ["abort-controller@3.0.0", "", { "dependencies": { "event-target-shim": "^5.0.0" } }, "sha512-h8lQ8tacZYnR3vNQTgibj+tODHI5/+l06Au2Pcriv/Gmet0eaj4TwWH41sO9wnHDiQsEj19q0drzdWdeAHtweg=="],

    "agentkeepalive": ["agentkeepalive@4.6.0", "", { "dependencies": { "humanize-ms": "^1.2.1" } }, "sha512-kja8j7PjmncONqaTsB8fQ+wE2mSU2DJ9D4XKoJ5PFWIdRMa6SLSN1ff4mOr4jCbfRSsxR4keIiySJU0N9T5hIQ=="],

    "asynckit": ["asynckit@0.4.0", "", {}, "sha512-Oei9OH4tRh0YqU3GxhX79dM/mwVgvbZJaSNaRk+bshkj0S5cfHcgYakreBjrHwatXKbz+IoIdYLxrKim2MjW0Q=="],

    "bun": ["bun@1.2.2", "", { "optionalDependencies": { "@oven/bun-darwin-aarch64": "1.2.2", "@oven/bun-darwin-x64": "1.2.2", "@oven/bun-darwin-x64-baseline": "1.2.2", "@oven/bun-linux-aarch64": "1.2.2", "@oven/bun-linux-aarch64-musl": "1.2.2", "@oven/bun-linux-x64": "1.2.2", "@oven/bun-linux-x64-baseline": "1.2.2", "@oven/bun-linux-x64-musl": "1.2.2", "@oven/bun-linux-x64-musl-baseline": "1.2.2", "@oven/bun-windows-x64": "1.2.2", "@oven/bun-windows-x64-baseline": "1.2.2" }, "os": [ "linux", "win32", "darwin", ], "cpu": [ "x64", "arm64", ], "bin": { "bun": "bin/bun.exe", "bunx": "bin/bun.exe" } }, "sha512-RUc8uVVTw8WoASUzXaEQJR1s7mnwoHm3P871qBUIqSaoOpuwcU+bSVX151/xoqDwnyv38SjOX7yQ3oO0IeT73g=="],

    "combined-stream": ["combined-stream@1.0.8", "", { "dependencies": { "delayed-stream": "~1.0.0" } }, "sha512-FQN4MRfuJeHf7cBbBMJFXhKSDq+2kAArBlmRBvcvFE5BB1HZKXtSFASDhdlz9zOYwxh8lDdnvmMOe/+5cdoEdg=="],

    "common-tags": ["common-tags@1.8.2", "", {}, "sha512-gk/Z852D2Wtb//0I+kRFNKKE9dIIVirjoqPoA1wJU+XePVXZfGeBpk45+A1rKO4Q43prqWBNY/MiIeRLbPWUaA=="],

    "cz-git": ["cz-git@1.11.0", "", {}, "sha512-FCNkpyVmNPX0P8kHtX8uoFcXsJ4bjivMXVS5vc/qCyM8jj+Tuqo6CXQjGQKwKl0Lk9VNz7o6JfPoU/mM/XhxqA=="],

    "dayjs": ["dayjs@1.11.13", "", {}, "sha512-oaMBel6gjolK862uaPQOVTA7q3TZhuSvuMQAAglQDOWYO9A91IrAOUJEyKVlqJlHE0vq5p5UXxzdPfMH/x6xNg=="],

    "delayed-stream": ["delayed-stream@1.0.0", "", {}, "sha512-ZySD7Nf91aLB0RxL4KGrKHBXl7Eds1DAmEdcoVawXnLD7SDhpNgtuII2aAkg7a7QS41jxPSZ17p4VdGnMHk3MQ=="],

    "discord-api-types": ["discord-api-types@0.37.119", "", {}, "sha512-WasbGFXEB+VQWXlo6IpW3oUv73Yuau1Ig4AZF/m13tXcTKnMpc/mHjpztIlz4+BM9FG9BHQkEXiPto3bKduQUg=="],

    "discord.js": ["discord.js@14.17.3", "", { "dependencies": { "@discordjs/builders": "^1.10.0", "@discordjs/collection": "1.5.3", "@discordjs/formatters": "^0.6.0", "@discordjs/rest": "^2.4.2", "@discordjs/util": "^1.1.1", "@discordjs/ws": "^1.2.0", "@sapphire/snowflake": "3.5.3", "discord-api-types": "^0.37.114", "fast-deep-equal": "3.1.3", "lodash.snakecase": "4.1.1", "tslib": "^2.6.3", "undici": "6.19.8" } }, "sha512-8/j8udc3CU7dz3Eqch64UaSHoJtUT6IXK4da5ixjbav4NAXJicloWswD/iwn1ImZEMoAV3LscsdO0zhBh6H+0Q=="],

    "event-target-shim": ["event-target-shim@5.0.1", "", {}, "sha512-i/2XbnSz/uxRCU6+NdVJgKWDTM427+MqYbkQzD321DuCQJUqOuJKIA0IM2+W2xtYHdKOmZ4dR6fExsd4SXL+WQ=="],

    "fast-deep-equal": ["fast-deep-equal@3.1.3", "", {}, "sha512-f3qQ9oQy9j2AhBe/H9VC91wLmKBCCU/gDOnKNAYG5hswO7BLKj09Hc5HYNz9cGI++xlpDCIgDaitVs03ATR84Q=="],

    "form-data": ["form-data@4.0.1", "", { "dependencies": { "asynckit": "^0.4.0", "combined-stream": "^1.0.8", "mime-types": "^2.1.12" } }, "sha512-tzN8e4TX8+kkxGPK8D5u0FNmjPUjw3lwC9lSLxxoB/+GtsJG91CO8bSWy73APlgAZzZbXEYZJuxjkHH2w+Ezhw=="],

    "form-data-encoder": ["form-data-encoder@1.7.2", "", {}, "sha512-qfqtYan3rxrnCk1VYaA4H+Ms9xdpPqvLZa6xmMgFvhO32x7/3J/ExcTd6qpxM0vH2GdMI+poehyBZvqfMTto8A=="],

    "formdata-node": ["formdata-node@4.4.1", "", { "dependencies": { "node-domexception": "1.0.0", "web-streams-polyfill": "4.0.0-beta.3" } }, "sha512-0iirZp3uVDjVGt9p49aTaqjk84TrglENEDuqfdlZQ1roC9CWlPk6Avf8EEnZNcAqPonwkG35x4n3ww/1THYAeQ=="],

    "he": ["he@1.2.0", "", { "bin": { "he": "bin/he" } }, "sha512-F/1DnUGPopORZi0ni+CvrCgHQ5FyEAHRLSApuYWMmrbSwoN2Mn/7k+Gl38gJnR7yyDZk6WLXwiGod1JOWNDKGw=="],

    "humanize-ms": ["humanize-ms@1.2.1", "", { "dependencies": { "ms": "^2.0.0" } }, "sha512-Fl70vYtsAFb/C06PTS9dZBo7ihau+Tu/DNCk/OyHhea07S+aeMWpFFkUaXRa8fI+ScZbEI8dfSxwY7gxZ9SAVQ=="],

    "imurmurhash": ["imurmurhash@0.1.4", "", {}, "sha512-JmXMZ6wuvDmLiHEml9ykzqO6lwFbof0GG4IkcGaENdCRDDmMVnny7s5HsIgHCbaq0w2MyPhDqkhTUgS2LU2PHA=="],

    "lodash": ["lodash@4.17.21", "", {}, "sha512-v2kDEe57lecTulaDIuNTPy3Ry4gLGJ6Z1O3vE1krgXZNrsQ+LFTGHVxVjcXPs17LhbZVGedAJv8XZ1tvj5FvSg=="],

    "lodash.snakecase": ["lodash.snakecase@4.1.1", "", {}, "sha512-QZ1d4xoBHYUeuouhEq3lk3Uq7ldgyFXGBhg04+oRLnIz8o9T65Eh+8YdroUwn846zchkA9yDsDl5CVVaV2nqYw=="],

    "magic-bytes.js": ["magic-bytes.js@1.10.0", "", {}, "sha512-/k20Lg2q8LE5xiaaSkMXk4sfvI+9EGEykFS4b0CHHGWqDYU0bGUFSwchNOMA56D7TCs9GwVTkqe9als1/ns8UQ=="],

    "mime-db": ["mime-db@1.52.0", "", {}, "sha512-sPU4uV7dYlvtWJxwwxHD0PuihVNiE7TyAbQ5SWxDCB9mUYvOgroQOwYQQOKPJ8CIbE+1ETVlOoK1UC2nU3gYvg=="],

    "mime-types": ["mime-types@2.1.35", "", { "dependencies": { "mime-db": "1.52.0" } }, "sha512-ZDY+bPm5zTTF+YpCrAU9nK0UgICYPT0QtT1NZWFv4s++TNkcgVaT0g6+4R2uI4MjQjzysHB1zxuWL50hzaeXiw=="],

    "ms": ["ms@2.1.3", "", {}, "sha512-6FlzubTLZG3J2a/NVCAleEhjzq5oxgHyaCU9yYXvcLsvoVaHJq/s5xXI6/XXP6tz7R9xAOtHnSO/tXtF3WRTlA=="],

    "node-domexception": ["node-domexception@1.0.0", "", {}, "sha512-/jKZoMpw0F8GRwl4/eLROPA3cfcXtLApP0QzLmUT/HuPCZWyB7IY9ZrMeKw2O/nFIqPQB3PVM9aYm0F312AXDQ=="],

    "node-fetch": ["node-fetch@2.7.0", "", { "dependencies": { "whatwg-url": "^5.0.0" }, "peerDependencies": { "encoding": "^0.1.0" }, "optionalPeers": ["encoding"] }, "sha512-c4FRfUm/dbcWZ7U+1Wq0AwCyFL+3nt2bEw05wfxSz+DWpWsitgmSgYmy2dQdWyKC1694ELPqMs/YzUSNozLt8A=="],

    "node-localstorage": ["node-localstorage@3.0.5", "", { "dependencies": { "write-file-atomic": "^5.0.1" } }, "sha512-GCwtK33iwVXboZWYcqQHu3aRvXEBwmPkAMRBLeaX86ufhqslyUkLGsi4aW3INEfdQYpUB5M9qtYf3eHvAk2VBg=="],

    "openai": ["openai@4.83.0", "", { "dependencies": { "@types/node": "^18.11.18", "@types/node-fetch": "^2.6.4", "abort-controller": "^3.0.0", "agentkeepalive": "^4.2.1", "form-data-encoder": "1.7.2", "formdata-node": "^4.3.2", "node-fetch": "^2.6.7" }, "peerDependencies": { "ws": "^8.18.0", "zod": "^3.23.8" }, "optionalPeers": ["ws", "zod"], "bin": { "openai": "bin/cli" } }, "sha512-fmTsqud0uTtRKsPC7L8Lu55dkaTwYucqncDHzVvO64DKOpNTuiYwjbR/nVgpapXuYy8xSnhQQPUm+3jQaxICgw=="],

    "randomcolor": ["randomcolor@0.6.2", "", {}, "sha512-Mn6TbyYpFgwFuQ8KJKqf3bqqY9O1y37/0jgSK/61PUxV4QfIMv0+K2ioq8DfOjkBslcjwSzRfIDEXfzA9aCx7A=="],

    "signal-exit": ["signal-exit@4.1.0", "", {}, "sha512-bzyZ1e88w9O1iNJbKnOlvYTrWPDl46O1bG0D3XInv+9tkPrxrN8jUUTiFlDkkmKWgn1M6CfIA13SuGqOa9Korw=="],

    "tr46": ["tr46@0.0.3", "", {}, "sha512-N3WMsuqV66lT30CrXNbEjx4GEwlow3v6rr4mCcv6prnfwhS01rkgyFdjPNBYd9br7LpXV1+Emh01fHnq2Gdgrw=="],

    "ts-mixer": ["ts-mixer@6.0.4", "", {}, "sha512-ufKpbmrugz5Aou4wcr5Wc1UUFWOLhq+Fm6qa6P0w0K5Qw2yhaUoiWszhCVuNQyNwrlGiscHOmqYoAox1PtvgjA=="],

    "tslib": ["tslib@2.8.1", "", {}, "sha512-oJFu94HQb+KVduSUQL7wnpmqnfmLsOA/nAh6b6EH0wCEoK0/mPeXU6c3wKDV83MkOuHPRHtSXKKU99IBazS/2w=="],

    "undici": ["undici@6.19.8", "", {}, "sha512-U8uCCl2x9TK3WANvmBavymRzxbfFYG+tAu+fgx3zxQy3qdagQqBLwJVrdyO1TBfUXvfKveMKJZhpvUYoOjM+4g=="],

    "undici-types": ["undici-types@5.26.5", "", {}, "sha512-JlCMO+ehdEIKqlFxk6IfVoAUVmgz7cU7zD/h9XZ0qzeosSHmUJVOzSQvvYSYWXkFXC+IfLKSIffhv0sVZup6pA=="],

    "uuid": ["uuid@11.0.5", "", { "bin": { "uuid": "dist/esm/bin/uuid" } }, "sha512-508e6IcKLrhxKdBbcA2b4KQZlLVp2+J5UwQ6F7Drckkc5N9ZJwFa4TgWtsww9UG8fGHbm6gbV19TdM5pQ4GaIA=="],

    "web-streams-polyfill": ["web-streams-polyfill@4.0.0-beta.3", "", {}, "sha512-QW95TCTaHmsYfHDybGMwO5IJIM93I/6vTRk+daHTWFPhwh+C8Cg7j7XyKrwrj8Ib6vYXe0ocYNrmzY4xAAN6ug=="],

    "webidl-conversions": ["webidl-conversions@3.0.1", "", {}, "sha512-2JAn3z8AR6rjK8Sm8orRC0h/bcl/DqL7tRPdGZ4I1CjdF+EaMLmYxBHyXuKL849eucPFhvBoxMsflfOb8kxaeQ=="],

    "whatwg-url": ["whatwg-url@5.0.0", "", { "dependencies": { "tr46": "~0.0.3", "webidl-conversions": "^3.0.0" } }, "sha512-saE57nupxk6v3HY35+jzBwYa0rKSy0XR8JSxZPwgLr7ys0IBzhGviA1/TUGJLmSVqs8pb9AnvICXEuOHLprYTw=="],

    "write-file-atomic": ["write-file-atomic@5.0.1", "", { "dependencies": { "imurmurhash": "^0.1.4", "signal-exit": "^4.0.1" } }, "sha512-+QU2zd6OTD8XWIJCbffaiQeH9U73qIqafo1x6V1snCWYGJf6cVE0cDR4D8xRzcEnfI21IFrUPzPGtcPf8AC+Rw=="],

    "ws": ["ws@8.18.0", "", { "peerDependencies": { "bufferutil": "^4.0.1", "utf-8-validate": ">=5.0.2" }, "optionalPeers": ["bufferutil", "utf-8-validate"] }, "sha512-8VbfWfHLbbwu3+N6OKsOMpBdT4kXPDDB9cJk2bJ6mh9ucxdlnNvH1e+roYkKmN9Nxw2yjz7VzeO9oOz2zJ04Pw=="],

    "@discordjs/builders/discord-api-types": ["discord-api-types@0.37.117", "", {}, "sha512-d+Z6RKd7v3q22lsil7yASucqMfVVV0s0XSqu3cw7kyHVXiDO/mAnqMzqma26IYnIm2mk3TlupYJDGrdL908ZKA=="],

    "@discordjs/formatters/discord-api-types": ["discord-api-types@0.37.117", "", {}, "sha512-d+Z6RKd7v3q22lsil7yASucqMfVVV0s0XSqu3cw7kyHVXiDO/mAnqMzqma26IYnIm2mk3TlupYJDGrdL908ZKA=="],

    "@discordjs/rest/discord-api-types": ["discord-api-types@0.37.117", "", {}, "sha512-d+Z6RKd7v3q22lsil7yASucqMfVVV0s0XSqu3cw7kyHVXiDO/mAnqMzqma26IYnIm2mk3TlupYJDGrdL908ZKA=="],

    "@discordjs/ws/discord-api-types": ["discord-api-types@0.37.117", "", {}, "sha512-d+Z6RKd7v3q22lsil7yASucqMfVVV0s0XSqu3cw7kyHVXiDO/mAnqMzqma26IYnIm2mk3TlupYJDGrdL908ZKA=="],

    "discord.js/@discordjs/collection": ["@discordjs/collection@1.5.3", "", {}, "sha512-SVb428OMd3WO1paV3rm6tSjM4wC+Kecaa1EUGX7vc6/fddvw/6lg90z4QtCqm21zvVe92vMMDt9+DkIvjXImQQ=="],

    "discord.js/@sapphire/snowflake": ["@sapphire/snowflake@3.5.3", "", {}, "sha512-jjmJywLAFoWeBi1W7994zZyiNWPIiqRRNAmSERxyg93xRGzNYvGjlZ0gR6x0F4gPRi2+0O6S71kOZYyr3cxaIQ=="],

    "discord.js/discord-api-types": ["discord-api-types@0.37.117", "", {}, "sha512-d+Z6RKd7v3q22lsil7yASucqMfVVV0s0XSqu3cw7kyHVXiDO/mAnqMzqma26IYnIm2mk3TlupYJDGrdL908ZKA=="],
  }
}
